
Microsoft Visual Studio Solution File, Format Version 12.00
Project("{FAE04EC0-301F-11D3-BF4B-00C04F79EFBC}") = "standard", "standard\standard.csproj", "{B51239DA-7449-47C8-BC1C-0B6E4685871F}"
EndProject
Global
	GlobalSection(SolutionConfigurationPlatforms) = preSolution
		Debug|Any CPU = Debug|Any CPU
		Release|Any CPU = Release|Any CPU
	EndGlobalSection
	GlobalSection(ProjectConfigurationPlatforms) = postSolution
		{B51239DA-7449-47C8-BC1C-0B6E4685871F}.Debug|Any CPU.ActiveCfg = Debug|Any CPU
		{B51239DA-7449-47C8-BC1C-0B6E4685871F}.Debug|Any CPU.Build.0 = Debug|Any CPU
		{B51239DA-7449-47C8-BC1C-0B6E4685871F}.Release|Any CPU.ActiveCfg = Release|Any CPU
		{B51239DA-7449-47C8-BC1C-0B6E4685871F}.Release|Any CPU.Build.0 = Release|Any CPU
	EndGlobalSection
EndGlobal
