
Microsoft Visual Studio Solution File, Format Version 12.00
Project("{FAE04EC0-301F-11D3-BF4B-00C04F79EFBC}") = "standard", "standard\standard.csproj", "{F17EF491-ED1C-488A-90F0-D62A58EB6C74}"
EndProject
Global
	GlobalSection(SolutionConfigurationPlatforms) = preSolution
		Debug|Any CPU = Debug|Any CPU
		Release|Any CPU = Release|Any CPU
	EndGlobalSection
	GlobalSection(ProjectConfigurationPlatforms) = postSolution
		{F17EF491-ED1C-488A-90F0-D62A58EB6C74}.Debug|Any CPU.ActiveCfg = Debug|Any CPU
		{F17EF491-ED1C-488A-90F0-D62A58EB6C74}.Debug|Any CPU.Build.0 = Debug|Any CPU
		{F17EF491-ED1C-488A-90F0-D62A58EB6C74}.Release|Any CPU.ActiveCfg = Release|Any CPU
		{F17EF491-ED1C-488A-90F0-D62A58EB6C74}.Release|Any CPU.Build.0 = Release|Any CPU
	EndGlobalSection
EndGlobal
