
Microsoft Visual Studio Solution File, Format Version 12.00
Project("{FAE04EC0-301F-11D3-BF4B-00C04F79EFBC}") = "standard_extra", "standard_extra\standard_extra.csproj", "{2472DBA0-A438-4210-B125-F207E5D28D86}"
EndProject
Global
	GlobalSection(SolutionConfigurationPlatforms) = preSolution
		Debug|Any CPU = Debug|Any CPU
		Release|Any CPU = Release|Any CPU
	EndGlobalSection
	GlobalSection(ProjectConfigurationPlatforms) = postSolution
		{2472DBA0-A438-4210-B125-F207E5D28D86}.Debug|Any CPU.ActiveCfg = Debug|Any CPU
		{2472DBA0-A438-4210-B125-F207E5D28D86}.Debug|Any CPU.Build.0 = Debug|Any CPU
		{2472DBA0-A438-4210-B125-F207E5D28D86}.Release|Any CPU.ActiveCfg = Release|Any CPU
		{2472DBA0-A438-4210-B125-F207E5D28D86}.Release|Any CPU.Build.0 = Release|Any CPU
	EndGlobalSection
EndGlobal
